// !$*UTF8*$!
{
	archiveVersion = 1;
	classes = {
	};
	objectVersion = 50;
	objects = {

/* Begin PBXBuildFile section */
		2C20665A21E1B06C0082570E /* DeckController.swift in Sources */ = {isa = PBXBuildFile; fileRef = 2C20665921E1B06C0082570E /* DeckController.swift */; };
		2C20666021E2BB160082570E /* StateView.swift in Sources */ = {isa = PBXBuildFile; fileRef = 2C20665E21E2BB160082570E /* StateView.swift */; };
		2C7625EC21E194BB00007950 /* AppDelegate.swift in Sources */ = {isa = PBXBuildFile; fileRef = 2C7625EB21E194BB00007950 /* AppDelegate.swift */; };
		2C7625EE21E194BC00007950 /* Assets.xcassets in Resources */ = {isa = PBXBuildFile; fileRef = 2C7625ED21E194BC00007950 /* Assets.xcassets */; };
		2C7625F121E194BC00007950 /* MainMenu.xib in Resources */ = {isa = PBXBuildFile; fileRef = 2C7625EF21E194BC00007950 /* MainMenu.xib */; };
		2C7625FB21E1959600007950 /* ButtonView.swift in Sources */ = {isa = PBXBuildFile; fileRef = 2C7625FA21E1959600007950 /* ButtonView.swift */; };
		2C7625FE21E196D400007950 /* ActionsTableViewController.swift in Sources */ = {isa = PBXBuildFile; fileRef = 2C7625FD21E196D400007950 /* ActionsTableViewController.swift */; };
		2C76260121E19B9D00007950 /* Profile.swift in Sources */ = {isa = PBXBuildFile; fileRef = 2C76260021E19B9D00007950 /* Profile.swift */; };
		2C76260321E19BD700007950 /* ButtonProfile.swift in Sources */ = {isa = PBXBuildFile; fileRef = 2C76260221E19BD700007950 /* ButtonProfile.swift */; };
		2C76260521E19C9100007950 /* Action.swift in Sources */ = {isa = PBXBuildFile; fileRef = 2C76260421E19C9100007950 /* Action.swift */; };
		2C76260821E19D1700007950 /* ActionType.swift in Sources */ = {isa = PBXBuildFile; fileRef = 2C76260721E19D1700007950 /* ActionType.swift */; };
		2C76260A21E19DBA00007950 /* SoundAction.swift in Sources */ = {isa = PBXBuildFile; fileRef = 2C76260921E19DBA00007950 /* SoundAction.swift */; };
		2C76260C21E1A0C500007950 /* ActionContainer.swift in Sources */ = {isa = PBXBuildFile; fileRef = 2C76260B21E1A0C500007950 /* ActionContainer.swift */; };
		2C76260F21E1A49700007950 /* OKError.swift in Sources */ = {isa = PBXBuildFile; fileRef = 2C76260E21E1A49700007950 /* OKError.swift */; };
/* End PBXBuildFile section */

/* Begin PBXFileReference section */
		2C20665921E1B06C0082570E /* DeckController.swift */ = {isa = PBXFileReference; lastKnownFileType = sourcecode.swift; path = DeckController.swift; sourceTree = "<group>"; };
		2C20665E21E2BB160082570E /* StateView.swift */ = {isa = PBXFileReference; lastKnownFileType = sourcecode.swift; path = StateView.swift; sourceTree = "<group>"; };
		2C7625E821E194BB00007950 /* DeckBridge.app */ = {isa = PBXFileReference; explicitFileType = wrapper.application; includeInIndex = 0; path = DeckBridge.app; sourceTree = BUILT_PRODUCTS_DIR; };
		2C7625EB21E194BB00007950 /* AppDelegate.swift */ = {isa = PBXFileReference; lastKnownFileType = sourcecode.swift; path = AppDelegate.swift; sourceTree = "<group>"; };
		2C7625ED21E194BC00007950 /* Assets.xcassets */ = {isa = PBXFileReference; lastKnownFileType = folder.assetcatalog; path = Assets.xcassets; sourceTree = "<group>"; };
		2C7625F021E194BC00007950 /* Base */ = {isa = PBXFileReference; lastKnownFileType = file.xib; name = Base; path = Base.lproj/MainMenu.xib; sourceTree = "<group>"; };
		2C7625F221E194BC00007950 /* Info.plist */ = {isa = PBXFileReference; lastKnownFileType = text.plist.xml; path = Info.plist; sourceTree = "<group>"; };
		2C7625F321E194BC00007950 /* DeckBridge.entitlements */ = {isa = PBXFileReference; lastKnownFileType = text.plist.entitlements; path = DeckBridge.entitlements; sourceTree = "<group>"; };
		2C7625FA21E1959600007950 /* ButtonView.swift */ = {isa = PBXFileReference; fileEncoding = 4; lastKnownFileType = sourcecode.swift; path = ButtonView.swift; sourceTree = "<group>"; };
		2C7625FD21E196D400007950 /* ActionsTableViewController.swift */ = {isa = PBXFileReference; lastKnownFileType = sourcecode.swift; path = ActionsTableViewController.swift; sourceTree = "<group>"; };
		2C76260021E19B9D00007950 /* Profile.swift */ = {isa = PBXFileReference; lastKnownFileType = sourcecode.swift; path = Profile.swift; sourceTree = "<group>"; };
		2C76260221E19BD700007950 /* ButtonProfile.swift */ = {isa = PBXFileReference; lastKnownFileType = sourcecode.swift; path = ButtonProfile.swift; sourceTree = "<group>"; };
		2C76260421E19C9100007950 /* Action.swift */ = {isa = PBXFileReference; lastKnownFileType = sourcecode.swift; path = Action.swift; sourceTree = "<group>"; };
		2C76260721E19D1700007950 /* ActionType.swift */ = {isa = PBXFileReference; lastKnownFileType = sourcecode.swift; path = ActionType.swift; sourceTree = "<group>"; };
		2C76260921E19DBA00007950 /* SoundAction.swift */ = {isa = PBXFileReference; lastKnownFileType = sourcecode.swift; path = SoundAction.swift; sourceTree = "<group>"; };
		2C76260B21E1A0C500007950 /* ActionContainer.swift */ = {isa = PBXFileReference; lastKnownFileType = sourcecode.swift; path = ActionContainer.swift; sourceTree = "<group>"; };
		2C76260E21E1A49700007950 /* OKError.swift */ = {isa = PBXFileReference; lastKnownFileType = sourcecode.swift; path = OKError.swift; sourceTree = "<group>"; };
/* End PBXFileReference section */

/* Begin PBXFrameworksBuildPhase section */
		2C7625E521E194BB00007950 /* Frameworks */ = {
			isa = PBXFrameworksBuildPhase;
			buildActionMask = 2147483647;
			files = (
			);
			runOnlyForDeploymentPostprocessing = 0;
		};
/* End PBXFrameworksBuildPhase section */

/* Begin PBXGroup section */
		2C7625DF21E194BB00007950 = {
			isa = PBXGroup;
			children = (
				2C7625EA21E194BB00007950 /* DeckBridge */,
				2C7625E921E194BB00007950 /* Products */,
			);
			sourceTree = "<group>";
		};
		2C7625E921E194BB00007950 /* Products */ = {
			isa = PBXGroup;
			children = (
				2C7625E821E194BB00007950 /* DeckBridge.app */,
			);
			name = Products;
			sourceTree = "<group>";
		};
		2C7625EA21E194BB00007950 /* DeckBridge */ = {
			isa = PBXGroup;
			children = (
				2C76260D21E1A48500007950 /* Extensions */,
				2C76260621E19CEB00007950 /* Actions */,
				2C7625FF21E19B8F00007950 /* Models */,
				2C7625FC21E1969A00007950 /* Controllers */,
				2C7625F921E1958B00007950 /* UI */,
				2C7625EB21E194BB00007950 /* AppDelegate.swift */,
				2C7625ED21E194BC00007950 /* Assets.xcassets */,
				2C7625EF21E194BC00007950 /* MainMenu.xib */,
				2C7625F221E194BC00007950 /* Info.plist */,
				2C7625F321E194BC00007950 /* DeckBridge.entitlements */,
			);
			path = DeckBridge;
			sourceTree = "<group>";
		};
		2C7625F921E1958B00007950 /* UI */ = {
			isa = PBXGroup;
			children = (
				2C7625FA21E1959600007950 /* ButtonView.swift */,
				2C20665E21E2BB160082570E /* StateView.swift */,
			);
			path = UI;
			sourceTree = "<group>";
		};
		2C7625FC21E1969A00007950 /* Controllers */ = {
			isa = PBXGroup;
			children = (
				2C7625FD21E196D400007950 /* ActionsTableViewController.swift */,
				2C20665921E1B06C0082570E /* DeckController.swift */,
			);
			path = Controllers;
			sourceTree = "<group>";
		};
		2C7625FF21E19B8F00007950 /* Models */ = {
			isa = PBXGroup;
			children = (
				2C76260021E19B9D00007950 /* Profile.swift */,
				2C76260221E19BD700007950 /* ButtonProfile.swift */,
				2C76260421E19C9100007950 /* Action.swift */,
				2C76260B21E1A0C500007950 /* ActionContainer.swift */,
			);
			path = Models;
			sourceTree = "<group>";
		};
		2C76260621E19CEB00007950 /* Actions */ = {
			isa = PBXGroup;
			children = (
				2C76260721E19D1700007950 /* ActionType.swift */,
				2C76260921E19DBA00007950 /* SoundAction.swift */,
			);
			path = Actions;
			sourceTree = "<group>";
		};
		2C76260D21E1A48500007950 /* Extensions */ = {
			isa = PBXGroup;
			children = (
				2C76260E21E1A49700007950 /* OKError.swift */,
			);
			path = Extensions;
			sourceTree = "<group>";
		};
/* End PBXGroup section */

/* Begin PBXNativeTarget section */
		2C7625E721E194BB00007950 /* DeckBridge */ = {
			isa = PBXNativeTarget;
			buildConfigurationList = 2C7625F621E194BC00007950 /* Build configuration list for PBXNativeTarget "DeckBridge" */;
			buildPhases = (
				2C7625E421E194BB00007950 /* Sources */,
				2C7625E521E194BB00007950 /* Frameworks */,
				2C7625E621E194BB00007950 /* Resources */,
			);
			buildRules = (
			);
			dependencies = (
			);
			name = DeckBridge;
			productName = DeckBridge;
			productReference = 2C7625E821E194BB00007950 /* DeckBridge.app */;
			productType = "com.apple.product-type.application";
		};
/* End PBXNativeTarget section */

/* Begin PBXProject section */
		2C7625E021E194BB00007950 /* Project object */ = {
			isa = PBXProject;
			attributes = {
				LastSwiftUpdateCheck = 1010;
				LastUpgradeCheck = 1010;
				ORGANIZATIONNAME = OKatBest;
				TargetAttributes = {
					2C7625E721E194BB00007950 = {
						CreatedOnToolsVersion = 10.1;
					};
				};
			};
			buildConfigurationList = 2C7625E321E194BB00007950 /* Build configuration list for PBXProject "DeckBridge" */;
			compatibilityVersion = "Xcode 9.3";
			developmentRegion = en;
			hasScannedForEncodings = 0;
			knownRegions = (
				en,
				Base,
			);
			mainGroup = 2C7625DF21E194BB00007950;
			productRefGroup = 2C7625E921E194BB00007950 /* Products */;
			projectDirPath = "";
			projectRoot = "";
			targets = (
				2C7625E721E194BB00007950 /* DeckBridge */,
			);
		};
/* End PBXProject section */

/* Begin PBXResourcesBuildPhase section */
		2C7625E621E194BB00007950 /* Resources */ = {
			isa = PBXResourcesBuildPhase;
			buildActionMask = 2147483647;
			files = (
				2C7625EE21E194BC00007950 /* Assets.xcassets in Resources */,
				2C7625F121E194BC00007950 /* MainMenu.xib in Resources */,
			);
			runOnlyForDeploymentPostprocessing = 0;
		};
/* End PBXResourcesBuildPhase section */

/* Begin PBXSourcesBuildPhase section */
		2C7625E421E194BB00007950 /* Sources */ = {
			isa = PBXSourcesBuildPhase;
			buildActionMask = 2147483647;
			files = (
				2C20666021E2BB160082570E /* StateView.swift in Sources */,
				2C76260321E19BD700007950 /* ButtonProfile.swift in Sources */,
				2C20665A21E1B06C0082570E /* DeckController.swift in Sources */,
				2C76260521E19C9100007950 /* Action.swift in Sources */,
				2C7625FB21E1959600007950 /* ButtonView.swift in Sources */,
				2C76260A21E19DBA00007950 /* SoundAction.swift in Sources */,
				2C76260F21E1A49700007950 /* OKError.swift in Sources */,
				2C76260121E19B9D00007950 /* Profile.swift in Sources */,
				2C7625EC21E194BB00007950 /* AppDelegate.swift in Sources */,
				2C7625FE21E196D400007950 /* ActionsTableViewController.swift in Sources */,
				2C76260821E19D1700007950 /* ActionType.swift in Sources */,
				2C76260C21E1A0C500007950 /* ActionContainer.swift in Sources */,
			);
			runOnlyForDeploymentPostprocessing = 0;
		};
/* End PBXSourcesBuildPhase section */

/* Begin PBXVariantGroup section */
		2C7625EF21E194BC00007950 /* MainMenu.xib */ = {
			isa = PBXVariantGroup;
			children = (
				2C7625F021E194BC00007950 /* Base */,
			);
			name = MainMenu.xib;
			sourceTree = "<group>";
		};
/* End PBXVariantGroup section */

/* Begin XCBuildConfiguration section */
		2C7625F421E194BC00007950 /* Debug */ = {
			isa = XCBuildConfiguration;
			buildSettings = {
				ALWAYS_SEARCH_USER_PATHS = NO;
				CLANG_ANALYZER_NONNULL = YES;
				CLANG_ANALYZER_NUMBER_OBJECT_CONVERSION = YES_AGGRESSIVE;
				CLANG_CXX_LANGUAGE_STANDARD = "gnu++14";
				CLANG_CXX_LIBRARY = "libc++";
				CLANG_ENABLE_MODULES = YES;
				CLANG_ENABLE_OBJC_ARC = YES;
				CLANG_ENABLE_OBJC_WEAK = YES;
				CLANG_WARN_BLOCK_CAPTURE_AUTORELEASING = YES;
				CLANG_WARN_BOOL_CONVERSION = YES;
				CLANG_WARN_COMMA = YES;
				CLANG_WARN_CONSTANT_CONVERSION = YES;
				CLANG_WARN_DEPRECATED_OBJC_IMPLEMENTATIONS = YES;
				CLANG_WARN_DIRECT_OBJC_ISA_USAGE = YES_ERROR;
				CLANG_WARN_DOCUMENTATION_COMMENTS = YES;
				CLANG_WARN_EMPTY_BODY = YES;
				CLANG_WARN_ENUM_CONVERSION = YES;
				CLANG_WARN_INFINITE_RECURSION = YES;
				CLANG_WARN_INT_CONVERSION = YES;
				CLANG_WARN_NON_LITERAL_NULL_CONVERSION = YES;
				CLANG_WARN_OBJC_IMPLICIT_RETAIN_SELF = YES;
				CLANG_WARN_OBJC_LITERAL_CONVERSION = YES;
				CLANG_WARN_OBJC_ROOT_CLASS = YES_ERROR;
				CLANG_WARN_RANGE_LOOP_ANALYSIS = YES;
				CLANG_WARN_STRICT_PROTOTYPES = YES;
				CLANG_WARN_SUSPICIOUS_MOVE = YES;
				CLANG_WARN_UNGUARDED_AVAILABILITY = YES_AGGRESSIVE;
				CLANG_WARN_UNREACHABLE_CODE = YES;
				CLANG_WARN__DUPLICATE_METHOD_MATCH = YES;
				CODE_SIGN_IDENTITY = "Mac Developer";
				COPY_PHASE_STRIP = NO;
				DEBUG_INFORMATION_FORMAT = dwarf;
				ENABLE_STRICT_OBJC_MSGSEND = YES;
				ENABLE_TESTABILITY = YES;
				GCC_C_LANGUAGE_STANDARD = gnu11;
				GCC_DYNAMIC_NO_PIC = NO;
				GCC_NO_COMMON_BLOCKS = YES;
				GCC_OPTIMIZATION_LEVEL = 0;
				GCC_PREPROCESSOR_DEFINITIONS = (
					"DEBUG=1",
					"$(inherited)",
				);
				GCC_WARN_64_TO_32_BIT_CONVERSION = YES;
				GCC_WARN_ABOUT_RETURN_TYPE = YES_ERROR;
				GCC_WARN_UNDECLARED_SELECTOR = YES;
				GCC_WARN_UNINITIALIZED_AUTOS = YES_AGGRESSIVE;
				GCC_WARN_UNUSED_FUNCTION = YES;
				GCC_WARN_UNUSED_VARIABLE = YES;
				MACOSX_DEPLOYMENT_TARGET = 10.14;
				MTL_ENABLE_DEBUG_INFO = INCLUDE_SOURCE;
				MTL_FAST_MATH = YES;
				ONLY_ACTIVE_ARCH = YES;
				SDKROOT = macosx;
				SWIFT_ACTIVE_COMPILATION_CONDITIONS = DEBUG;
				SWIFT_OPTIMIZATION_LEVEL = "-Onone";
			};
			name = Debug;
		};
		2C7625F521E194BC00007950 /* Release */ = {
			isa = XCBuildConfiguration;
			buildSettings = {
				ALWAYS_SEARCH_USER_PATHS = NO;
				CLANG_ANALYZER_NONNULL = YES;
				CLANG_ANALYZER_NUMBER_OBJECT_CONVERSION = YES_AGGRESSIVE;
				CLANG_CXX_LANGUAGE_STANDARD = "gnu++14";
				CLANG_CXX_LIBRARY = "libc++";
				CLANG_ENABLE_MODULES = YES;
				CLANG_ENABLE_OBJC_ARC = YES;
				CLANG_ENABLE_OBJC_WEAK = YES;
				CLANG_WARN_BLOCK_CAPTURE_AUTORELEASING = YES;
				CLANG_WARN_BOOL_CONVERSION = YES;
				CLANG_WARN_COMMA = YES;
				CLANG_WARN_CONSTANT_CONVERSION = YES;
				CLANG_WARN_DEPRECATED_OBJC_IMPLEMENTATIONS = YES;
				CLANG_WARN_DIRECT_OBJC_ISA_USAGE = YES_ERROR;
				CLANG_WARN_DOCUMENTATION_COMMENTS = YES;
				CLANG_WARN_EMPTY_BODY = YES;
				CLANG_WARN_ENUM_CONVERSION = YES;
				CLANG_WARN_INFINITE_RECURSION = YES;
				CLANG_WARN_INT_CONVERSION = YES;
				CLANG_WARN_NON_LITERAL_NULL_CONVERSION = YES;
				CLANG_WARN_OBJC_IMPLICIT_RETAIN_SELF = YES;
				CLANG_WARN_OBJC_LITERAL_CONVERSION = YES;
				CLANG_WARN_OBJC_ROOT_CLASS = YES_ERROR;
				CLANG_WARN_RANGE_LOOP_ANALYSIS = YES;
				CLANG_WARN_STRICT_PROTOTYPES = YES;
				CLANG_WARN_SUSPICIOUS_MOVE = YES;
				CLANG_WARN_UNGUARDED_AVAILABILITY = YES_AGGRESSIVE;
				CLANG_WARN_UNREACHABLE_CODE = YES;
				CLANG_WARN__DUPLICATE_METHOD_MATCH = YES;
				CODE_SIGN_IDENTITY = "Mac Developer";
				COPY_PHASE_STRIP = NO;
				DEBUG_INFORMATION_FORMAT = "dwarf-with-dsym";
				ENABLE_NS_ASSERTIONS = NO;
				ENABLE_STRICT_OBJC_MSGSEND = YES;
				GCC_C_LANGUAGE_STANDARD = gnu11;
				GCC_NO_COMMON_BLOCKS = YES;
				GCC_WARN_64_TO_32_BIT_CONVERSION = YES;
				GCC_WARN_ABOUT_RETURN_TYPE = YES_ERROR;
				GCC_WARN_UNDECLARED_SELECTOR = YES;
				GCC_WARN_UNINITIALIZED_AUTOS = YES_AGGRESSIVE;
				GCC_WARN_UNUSED_FUNCTION = YES;
				GCC_WARN_UNUSED_VARIABLE = YES;
				MACOSX_DEPLOYMENT_TARGET = 10.14;
				MTL_ENABLE_DEBUG_INFO = NO;
				MTL_FAST_MATH = YES;
				SDKROOT = macosx;
				SWIFT_COMPILATION_MODE = wholemodule;
				SWIFT_OPTIMIZATION_LEVEL = "-O";
			};
			name = Release;
		};
		2C7625F721E194BC00007950 /* Debug */ = {
			isa = XCBuildConfiguration;
			buildSettings = {
				ASSETCATALOG_COMPILER_APPICON_NAME = AppIcon;
				CODE_SIGN_ENTITLEMENTS = DeckBridge/DeckBridge.entitlements;
				CODE_SIGN_STYLE = Automatic;
				COMBINE_HIDPI_IMAGES = YES;
				DEVELOPMENT_TEAM = RLZ8XBTX7G;
				INFOPLIST_FILE = DeckBridge/Info.plist;
				LD_RUNPATH_SEARCH_PATHS = (
					"$(inherited)",
					"@executable_path/../Frameworks",
				);
				PRODUCT_BUNDLE_IDENTIFIER = com.OKatBest.DeckBridge;
				PRODUCT_NAME = "$(TARGET_NAME)";
				SWIFT_VERSION = 4.2;
			};
			name = Debug;
		};
		2C7625F821E194BC00007950 /* Release */ = {
			isa = XCBuildConfiguration;
			buildSettings = {
				ASSETCATALOG_COMPILER_APPICON_NAME = AppIcon;
				CODE_SIGN_ENTITLEMENTS = DeckBridge/DeckBridge.entitlements;
				CODE_SIGN_STYLE = Automatic;
				COMBINE_HIDPI_IMAGES = YES;
				DEVELOPMENT_TEAM = RLZ8XBTX7G;
				INFOPLIST_FILE = DeckBridge/Info.plist;
				LD_RUNPATH_SEARCH_PATHS = (
					"$(inherited)",
					"@executable_path/../Frameworks",
				);
				PRODUCT_BUNDLE_IDENTIFIER = com.OKatBest.DeckBridge;
				PRODUCT_NAME = "$(TARGET_NAME)";
				SWIFT_VERSION = 4.2;
			};
			name = Release;
		};
/* End XCBuildConfiguration section */

/* Begin XCConfigurationList section */
		2C7625E321E194BB00007950 /* Build configuration list for PBXProject "DeckBridge" */ = {
			isa = XCConfigurationList;
			buildConfigurations = (
				2C7625F421E194BC00007950 /* Debug */,
				2C7625F521E194BC00007950 /* Release */,
			);
			defaultConfigurationIsVisible = 0;
			defaultConfigurationName = Release;
		};
		2C7625F621E194BC00007950 /* Build configuration list for PBXNativeTarget "DeckBridge" */ = {
			isa = XCConfigurationList;
			buildConfigurations = (
				2C7625F721E194BC00007950 /* Debug */,
				2C7625F821E194BC00007950 /* Release */,
			);
			defaultConfigurationIsVisible = 0;
			defaultConfigurationName = Release;
		};
/* End XCConfigurationList section */
	};
	rootObject = 2C7625E021E194BB00007950 /* Project object */;
}
